{
  "name": "pi-extension-parallel-web-tools",
  "version": "1.2.0",
  "lockfileVersion": 3,
  "requires": true,
  "packages": {
    "": {
      "name": "pi-extension-parallel-web-tools",
      "version": "1.2.0",
      "dependencies": {
        "parallel-web-cli": "0.2.0"
      }
    },
    "node_modules/parallel-web-cli": {
      "version": "0.2.0",
      "resolved": "https://registry.npmjs.org/parallel-web-cli/-/parallel-web-cli-0.2.0.tgz",
      "integrity": "sha512-0/qR3UgGUVhgZaevMBvRkNjRxj5L/ubY+WjrTpY69/6oBXgfbbo7jTZ9PhySSAjOFbQwvDlSCPi7vs6nQVBikQ==",
      "hasInstallScript": true,
      "license": "MIT",
      "bin": {
        "parallel-cli": "bin/parallel-cli"
      },
      "engines": {
        "node": ">=18"
      }
    }
  }
}
